
Microsoft Visual Studio Solution File, Format Version 12.00
# Visual Studio Version 17
VisualStudioVersion = 17.0.31919.166
MinimumVisualStudioVersion = 10.0.40219.1
Project("{FAE04EC0-301F-11D3-BF4B-00C04F79EFBC}") = "gameRockPaperScissors", "gameRockPaperScissors\gameRockPaperScissors.csproj", "{14C328AB-7096-4AD9-B057-4E795BC9DB69}"
EndProject
Global
	GlobalSection(SolutionConfigurationPlatforms) = preSolution
		Debug|Any CPU = Debug|Any CPU
		Release|Any CPU = Release|Any CPU
	EndGlobalSection
	GlobalSection(ProjectConfigurationPlatforms) = postSolution
		{14C328AB-7096-4AD9-B057-4E795BC9DB69}.Debug|Any CPU.ActiveCfg = Debug|Any CPU
		{14C328AB-7096-4AD9-B057-4E795BC9DB69}.Debug|Any CPU.Build.0 = Debug|Any CPU
		{14C328AB-7096-4AD9-B057-4E795BC9DB69}.Release|Any CPU.ActiveCfg = Release|Any CPU
		{14C328AB-7096-4AD9-B057-4E795BC9DB69}.Release|Any CPU.Build.0 = Release|Any CPU
	EndGlobalSection
	GlobalSection(SolutionProperties) = preSolution
		HideSolutionNode = FALSE
	EndGlobalSection
	GlobalSection(ExtensibilityGlobals) = postSolution
		SolutionGuid = {980EFAC3-ECAC-47DD-AAC4-0E35C5C4378E}
	EndGlobalSection
EndGlobal
